github.com/yay101/embeddb v1.0.0 h1:gJSxRtaSLIuPgZFzHP7teh3TCGWDyjrXp0qh+D67ZRQ=
github.com/yay101/embeddb v1.0.0/go.mod h1:J6Cs7icsRyHFTQTshdNN161e7xmDjl6dSS4cJoykbUM=
github.com/yay101/embeddbcore v0.4.0 h1:9+eOwVMmlVuQv8HOl7KHpbUGWNakjtpX8A01GZggTEI=
github.com/yay101/embeddbcore v0.4.0/go.mod h1:lUAbYOm+zaTjhO9ABKoyWpPHE8zsD4sOfaM2noNNs1o=
golang.org/x/exp v0.0.0-20251219203646-944ab1f22d93 h1:fQsdNF2N+/YewlRZiricy4P1iimyPKZ/xwniHj8Q2a0=
golang.org/x/exp v0.0.0-20251219203646-944ab1f22d93/go.mod h1:EPRbTFwzwjXj9NpYyyrvenVh9Y+GFeEvMNh7Xuz7xgU=
